# This file is automatically @generated by Cargo.
# It is not intended for manual editing.
version = 4

[[package]]
name = "mapt"
version = "0.1.0"
dependencies = [
 "mapt-cold",
 "mapt-config",
 "mapt-hot",
 "mapt-target",
]

[[package]]
name = "mapt-cold"
version = "0.1.0"
dependencies = [
 "mapt-config",
 "mapt-hot",
]

[[package]]
name = "mapt-config"
version = "0.1.0"

[[package]]
name = "mapt-hot"
version = "0.1.0"
dependencies = [
 "mapt-config",
]

[[package]]
name = "mapt-target"
version = "0.1.0"
